
Microsoft Visual Studio Solution File, Format Version 12.00
# Visual Studio Version 16
VisualStudioVersion = 16.0.31911.196
MinimumVisualStudioVersion = 10.0.40219.1
Project("{FAE04EC0-301F-11D3-BF4B-00C04F79EFBC}") = "W13-Praktikum-Timotius-0706022110022", "W13-Praktikum-Timotius-0706022110022\W13-Praktikum-Timotius-0706022110022.csproj", "{E4AB6459-8B23-474D-9B3B-99B7635D67B5}"
EndProject
Global
	GlobalSection(SolutionConfigurationPlatforms) = preSolution
		Debug|Any CPU = Debug|Any CPU
		Release|Any CPU = Release|Any CPU
	EndGlobalSection
	GlobalSection(ProjectConfigurationPlatforms) = postSolution
		{E4AB6459-8B23-474D-9B3B-99B7635D67B5}.Debug|Any CPU.ActiveCfg = Debug|Any CPU
		{E4AB6459-8B23-474D-9B3B-99B7635D67B5}.Debug|Any CPU.Build.0 = Debug|Any CPU
		{E4AB6459-8B23-474D-9B3B-99B7635D67B5}.Release|Any CPU.ActiveCfg = Release|Any CPU
		{E4AB6459-8B23-474D-9B3B-99B7635D67B5}.Release|Any CPU.Build.0 = Release|Any CPU
	EndGlobalSection
	GlobalSection(SolutionProperties) = preSolution
		HideSolutionNode = FALSE
	EndGlobalSection
	GlobalSection(ExtensibilityGlobals) = postSolution
		SolutionGuid = {869C70FD-76AD-4911-BAB7-F22A98BC400E}
	EndGlobalSection
EndGlobal
